
Microsoft Visual Studio Solution File, Format Version 12.00
# Visual Studio Version 16
VisualStudioVersion = 16.0.33214.272
MinimumVisualStudioVersion = 10.0.40219.1
Project("{888888A0-9F3D-457C-B088-3A5042F75D52}") = "Lists - Spring Break Review", "Lists - Spring Break Review.pyproj", "{3758B0C1-B846-4FE5-8099-26C524350D98}"
EndProject
Global
	GlobalSection(SolutionConfigurationPlatforms) = preSolution
		Debug|Any CPU = Debug|Any CPU
		Release|Any CPU = Release|Any CPU
	EndGlobalSection
	GlobalSection(ProjectConfigurationPlatforms) = postSolution
		{3758B0C1-B846-4FE5-8099-26C524350D98}.Debug|Any CPU.ActiveCfg = Debug|Any CPU
		{3758B0C1-B846-4FE5-8099-26C524350D98}.Release|Any CPU.ActiveCfg = Release|Any CPU
	EndGlobalSection
	GlobalSection(SolutionProperties) = preSolution
		HideSolutionNode = FALSE
	EndGlobalSection
	GlobalSection(ExtensibilityGlobals) = postSolution
		SolutionGuid = {756658C2-31A6-423D-86A2-6C1EBFA396EA}
	EndGlobalSection
EndGlobal
